
Microsoft Visual Studio Solution File, Format Version 12.00
# Visual Studio Version 17
VisualStudioVersion = 17.0.31919.166
MinimumVisualStudioVersion = 10.0.40219.1
Project("{9A19103F-16F7-4668-BE54-9A1E7A4F7556}") = "BlazorWpfApp", "BlazorWpfApp\BlazorWpfApp.csproj", "{B55D127C-2E8F-4C8E-95E4-E3B6198A0F54}"
EndProject
Project("{9A19103F-16F7-4668-BE54-9A1E7A4F7556}") = "BlazorWpfApp.BlazorApp", "BlazorWpfApp.BlazorApp\BlazorWpfApp.BlazorApp.csproj", "{C23D8FB8-D5F1-4FC0-A4B3-B58DACFB8301}"
EndProject
Project("{FAE04EC0-301F-11D3-BF4B-00C04F79EFBC}") = "BlazorWinFormsApp", "BlazorWinFormsApp\BlazorWinFormsApp.csproj", "{C09718C8-202A-4154-975F-480E377E28D2}"
EndProject
Project("{FAE04EC0-301F-11D3-BF4B-00C04F79EFBC}") = "BlazorWinFormsApp.BlazorApp", "BlazorWinFormsApp.BlazorApp\BlazorWinFormsApp.BlazorApp.csproj", "{47B54F16-E33B-4622-9CAD-56BE857FB643}"
EndProject
Global
	GlobalSection(SolutionConfigurationPlatforms) = preSolution
		Debug|Any CPU = Debug|Any CPU
		Release|Any CPU = Release|Any CPU
	EndGlobalSection
	GlobalSection(ProjectConfigurationPlatforms) = postSolution
		{B55D127C-2E8F-4C8E-95E4-E3B6198A0F54}.Debug|Any CPU.ActiveCfg = Debug|Any CPU
		{B55D127C-2E8F-4C8E-95E4-E3B6198A0F54}.Debug|Any CPU.Build.0 = Debug|Any CPU
		{B55D127C-2E8F-4C8E-95E4-E3B6198A0F54}.Release|Any CPU.ActiveCfg = Release|Any CPU
		{B55D127C-2E8F-4C8E-95E4-E3B6198A0F54}.Release|Any CPU.Build.0 = Release|Any CPU
		{C23D8FB8-D5F1-4FC0-A4B3-B58DACFB8301}.Debug|Any CPU.ActiveCfg = Debug|Any CPU
		{C23D8FB8-D5F1-4FC0-A4B3-B58DACFB8301}.Debug|Any CPU.Build.0 = Debug|Any CPU
		{C23D8FB8-D5F1-4FC0-A4B3-B58DACFB8301}.Release|Any CPU.ActiveCfg = Release|Any CPU
		{C23D8FB8-D5F1-4FC0-A4B3-B58DACFB8301}.Release|Any CPU.Build.0 = Release|Any CPU
		{C09718C8-202A-4154-975F-480E377E28D2}.Debug|Any CPU.ActiveCfg = Debug|Any CPU
		{C09718C8-202A-4154-975F-480E377E28D2}.Debug|Any CPU.Build.0 = Debug|Any CPU
		{C09718C8-202A-4154-975F-480E377E28D2}.Release|Any CPU.ActiveCfg = Release|Any CPU
		{C09718C8-202A-4154-975F-480E377E28D2}.Release|Any CPU.Build.0 = Release|Any CPU
		{47B54F16-E33B-4622-9CAD-56BE857FB643}.Debug|Any CPU.ActiveCfg = Debug|Any CPU
		{47B54F16-E33B-4622-9CAD-56BE857FB643}.Debug|Any CPU.Build.0 = Debug|Any CPU
		{47B54F16-E33B-4622-9CAD-56BE857FB643}.Release|Any CPU.ActiveCfg = Release|Any CPU
		{47B54F16-E33B-4622-9CAD-56BE857FB643}.Release|Any CPU.Build.0 = Release|Any CPU
	EndGlobalSection
	GlobalSection(SolutionProperties) = preSolution
		HideSolutionNode = FALSE
	EndGlobalSection
	GlobalSection(ExtensibilityGlobals) = postSolution
		SolutionGuid = {FAB096FB-BE2C-4752-8194-EDF1259687CC}
	EndGlobalSection
EndGlobal
