
Microsoft Visual Studio Solution File, Format Version 12.00
# Visual Studio Version 17
VisualStudioVersion = 17.0.31919.166
MinimumVisualStudioVersion = 10.0.40219.1
Project("{9A19103F-16F7-4668-BE54-9A1E7A4F7556}") = "BlazorWpfApp", "BlazorWpfApp\BlazorWpfApp.csproj", "{B55D127C-2E8F-4C8E-95E4-E3B6198A0F54}"
EndProject
Project("{9A19103F-16F7-4668-BE54-9A1E7A4F7556}") = "BlazorWpfApp.BlazorApp", "BlazorWpfApp.BlazorApp\BlazorWpfApp.BlazorApp.csproj", "{C23D8FB8-D5F1-4FC0-A4B3-B58DACFB8301}"
EndProject
Project("{9A19103F-16F7-4668-BE54-9A1E7A4F7556}") = "BlazorWinFormsApp", "BlazorWinFormsApp\BlazorWinFormsApp.csproj", "{C09718C8-202A-4154-975F-480E377E28D2}"
EndProject
Project("{9A19103F-16F7-4668-BE54-9A1E7A4F7556}") = "BlazorWinFormsApp.BlazorApp", "BlazorWinFormsApp.BlazorApp\BlazorWinFormsApp.BlazorApp.csproj", "{47B54F16-E33B-4622-9CAD-56BE857FB643}"
EndProject
Project("{C7167F0D-BC9F-4E6E-AFE1-012C56B48DB5}") = "BlazorWinFormsApp.Setup", "BlazorWinFormsApp.Setup\BlazorWinFormsApp.Setup.wapproj", "{F26A10D1-41E1-49B8-83C7-06169538BBB3}"
EndProject
Project("{54435603-DBB4-11D2-8724-00A0C9A8B90C}") = "BlazorWinFormsApp.Installer", "BlazorWinFormsApp.Installer\BlazorWinFormsApp.Installer.vdproj", "{33D438EC-9275-472B-814C-B618207420BB}"
EndProject
Global
	GlobalSection(SolutionConfigurationPlatforms) = preSolution
		Debug|Any CPU = Debug|Any CPU
		Debug|ARM = Debug|ARM
		Debug|ARM64 = Debug|ARM64
		Debug|x64 = Debug|x64
		Debug|x86 = Debug|x86
		Release|Any CPU = Release|Any CPU
		Release|ARM = Release|ARM
		Release|ARM64 = Release|ARM64
		Release|x64 = Release|x64
		Release|x86 = Release|x86
	EndGlobalSection
	GlobalSection(ProjectConfigurationPlatforms) = postSolution
		{B55D127C-2E8F-4C8E-95E4-E3B6198A0F54}.Debug|Any CPU.ActiveCfg = Debug|Any CPU
		{B55D127C-2E8F-4C8E-95E4-E3B6198A0F54}.Debug|Any CPU.Build.0 = Debug|Any CPU
		{B55D127C-2E8F-4C8E-95E4-E3B6198A0F54}.Debug|ARM.ActiveCfg = Debug|Any CPU
		{B55D127C-2E8F-4C8E-95E4-E3B6198A0F54}.Debug|ARM.Build.0 = Debug|Any CPU
		{B55D127C-2E8F-4C8E-95E4-E3B6198A0F54}.Debug|ARM64.ActiveCfg = Debug|Any CPU
		{B55D127C-2E8F-4C8E-95E4-E3B6198A0F54}.Debug|ARM64.Build.0 = Debug|Any CPU
		{B55D127C-2E8F-4C8E-95E4-E3B6198A0F54}.Debug|x64.ActiveCfg = Debug|Any CPU
		{B55D127C-2E8F-4C8E-95E4-E3B6198A0F54}.Debug|x64.Build.0 = Debug|Any CPU
		{B55D127C-2E8F-4C8E-95E4-E3B6198A0F54}.Debug|x86.ActiveCfg = Debug|Any CPU
		{B55D127C-2E8F-4C8E-95E4-E3B6198A0F54}.Debug|x86.Build.0 = Debug|Any CPU
		{B55D127C-2E8F-4C8E-95E4-E3B6198A0F54}.Release|Any CPU.ActiveCfg = Release|Any CPU
		{B55D127C-2E8F-4C8E-95E4-E3B6198A0F54}.Release|Any CPU.Build.0 = Release|Any CPU
		{B55D127C-2E8F-4C8E-95E4-E3B6198A0F54}.Release|ARM.ActiveCfg = Release|Any CPU
		{B55D127C-2E8F-4C8E-95E4-E3B6198A0F54}.Release|ARM.Build.0 = Release|Any CPU
		{B55D127C-2E8F-4C8E-95E4-E3B6198A0F54}.Release|ARM64.ActiveCfg = Release|Any CPU
		{B55D127C-2E8F-4C8E-95E4-E3B6198A0F54}.Release|ARM64.Build.0 = Release|Any CPU
		{B55D127C-2E8F-4C8E-95E4-E3B6198A0F54}.Release|x64.ActiveCfg = Release|Any CPU
		{B55D127C-2E8F-4C8E-95E4-E3B6198A0F54}.Release|x64.Build.0 = Release|Any CPU
		{B55D127C-2E8F-4C8E-95E4-E3B6198A0F54}.Release|x86.ActiveCfg = Release|Any CPU
		{B55D127C-2E8F-4C8E-95E4-E3B6198A0F54}.Release|x86.Build.0 = Release|Any CPU
		{C23D8FB8-D5F1-4FC0-A4B3-B58DACFB8301}.Debug|Any CPU.ActiveCfg = Debug|Any CPU
		{C23D8FB8-D5F1-4FC0-A4B3-B58DACFB8301}.Debug|Any CPU.Build.0 = Debug|Any CPU
		{C23D8FB8-D5F1-4FC0-A4B3-B58DACFB8301}.Debug|ARM.ActiveCfg = Debug|Any CPU
		{C23D8FB8-D5F1-4FC0-A4B3-B58DACFB8301}.Debug|ARM.Build.0 = Debug|Any CPU
		{C23D8FB8-D5F1-4FC0-A4B3-B58DACFB8301}.Debug|ARM64.ActiveCfg = Debug|Any CPU
		{C23D8FB8-D5F1-4FC0-A4B3-B58DACFB8301}.Debug|ARM64.Build.0 = Debug|Any CPU
		{C23D8FB8-D5F1-4FC0-A4B3-B58DACFB8301}.Debug|x64.ActiveCfg = Debug|Any CPU
		{C23D8FB8-D5F1-4FC0-A4B3-B58DACFB8301}.Debug|x64.Build.0 = Debug|Any CPU
		{C23D8FB8-D5F1-4FC0-A4B3-B58DACFB8301}.Debug|x86.ActiveCfg = Debug|Any CPU
		{C23D8FB8-D5F1-4FC0-A4B3-B58DACFB8301}.Debug|x86.Build.0 = Debug|Any CPU
		{C23D8FB8-D5F1-4FC0-A4B3-B58DACFB8301}.Release|Any CPU.ActiveCfg = Release|Any CPU
		{C23D8FB8-D5F1-4FC0-A4B3-B58DACFB8301}.Release|Any CPU.Build.0 = Release|Any CPU
		{C23D8FB8-D5F1-4FC0-A4B3-B58DACFB8301}.Release|ARM.ActiveCfg = Release|Any CPU
		{C23D8FB8-D5F1-4FC0-A4B3-B58DACFB8301}.Release|ARM.Build.0 = Release|Any CPU
		{C23D8FB8-D5F1-4FC0-A4B3-B58DACFB8301}.Release|ARM64.ActiveCfg = Release|Any CPU
		{C23D8FB8-D5F1-4FC0-A4B3-B58DACFB8301}.Release|ARM64.Build.0 = Release|Any CPU
		{C23D8FB8-D5F1-4FC0-A4B3-B58DACFB8301}.Release|x64.ActiveCfg = Release|Any CPU
		{C23D8FB8-D5F1-4FC0-A4B3-B58DACFB8301}.Release|x64.Build.0 = Release|Any CPU
		{C23D8FB8-D5F1-4FC0-A4B3-B58DACFB8301}.Release|x86.ActiveCfg = Release|Any CPU
		{C23D8FB8-D5F1-4FC0-A4B3-B58DACFB8301}.Release|x86.Build.0 = Release|Any CPU
		{C09718C8-202A-4154-975F-480E377E28D2}.Debug|Any CPU.ActiveCfg = Debug|Any CPU
		{C09718C8-202A-4154-975F-480E377E28D2}.Debug|Any CPU.Build.0 = Debug|Any CPU
		{C09718C8-202A-4154-975F-480E377E28D2}.Debug|ARM.ActiveCfg = Debug|Any CPU
		{C09718C8-202A-4154-975F-480E377E28D2}.Debug|ARM.Build.0 = Debug|Any CPU
		{C09718C8-202A-4154-975F-480E377E28D2}.Debug|ARM64.ActiveCfg = Debug|Any CPU
		{C09718C8-202A-4154-975F-480E377E28D2}.Debug|ARM64.Build.0 = Debug|Any CPU
		{C09718C8-202A-4154-975F-480E377E28D2}.Debug|x64.ActiveCfg = Debug|Any CPU
		{C09718C8-202A-4154-975F-480E377E28D2}.Debug|x64.Build.0 = Debug|Any CPU
		{C09718C8-202A-4154-975F-480E377E28D2}.Debug|x86.ActiveCfg = Debug|Any CPU
		{C09718C8-202A-4154-975F-480E377E28D2}.Debug|x86.Build.0 = Debug|Any CPU
		{C09718C8-202A-4154-975F-480E377E28D2}.Release|Any CPU.ActiveCfg = Release|Any CPU
		{C09718C8-202A-4154-975F-480E377E28D2}.Release|Any CPU.Build.0 = Release|Any CPU
		{C09718C8-202A-4154-975F-480E377E28D2}.Release|ARM.ActiveCfg = Release|Any CPU
		{C09718C8-202A-4154-975F-480E377E28D2}.Release|ARM.Build.0 = Release|Any CPU
		{C09718C8-202A-4154-975F-480E377E28D2}.Release|ARM64.ActiveCfg = Release|Any CPU
		{C09718C8-202A-4154-975F-480E377E28D2}.Release|ARM64.Build.0 = Release|Any CPU
		{C09718C8-202A-4154-975F-480E377E28D2}.Release|x64.ActiveCfg = Release|Any CPU
		{C09718C8-202A-4154-975F-480E377E28D2}.Release|x64.Build.0 = Release|Any CPU
		{C09718C8-202A-4154-975F-480E377E28D2}.Release|x86.ActiveCfg = Release|Any CPU
		{C09718C8-202A-4154-975F-480E377E28D2}.Release|x86.Build.0 = Release|Any CPU
		{47B54F16-E33B-4622-9CAD-56BE857FB643}.Debug|Any CPU.ActiveCfg = Debug|Any CPU
		{47B54F16-E33B-4622-9CAD-56BE857FB643}.Debug|Any CPU.Build.0 = Debug|Any CPU
		{47B54F16-E33B-4622-9CAD-56BE857FB643}.Debug|ARM.ActiveCfg = Debug|Any CPU
		{47B54F16-E33B-4622-9CAD-56BE857FB643}.Debug|ARM.Build.0 = Debug|Any CPU
		{47B54F16-E33B-4622-9CAD-56BE857FB643}.Debug|ARM64.ActiveCfg = Debug|Any CPU
		{47B54F16-E33B-4622-9CAD-56BE857FB643}.Debug|ARM64.Build.0 = Debug|Any CPU
		{47B54F16-E33B-4622-9CAD-56BE857FB643}.Debug|x64.ActiveCfg = Debug|Any CPU
		{47B54F16-E33B-4622-9CAD-56BE857FB643}.Debug|x64.Build.0 = Debug|Any CPU
		{47B54F16-E33B-4622-9CAD-56BE857FB643}.Debug|x86.ActiveCfg = Debug|Any CPU
		{47B54F16-E33B-4622-9CAD-56BE857FB643}.Debug|x86.Build.0 = Debug|Any CPU
		{47B54F16-E33B-4622-9CAD-56BE857FB643}.Release|Any CPU.ActiveCfg = Release|Any CPU
		{47B54F16-E33B-4622-9CAD-56BE857FB643}.Release|Any CPU.Build.0 = Release|Any CPU
		{47B54F16-E33B-4622-9CAD-56BE857FB643}.Release|ARM.ActiveCfg = Release|Any CPU
		{47B54F16-E33B-4622-9CAD-56BE857FB643}.Release|ARM.Build.0 = Release|Any CPU
		{47B54F16-E33B-4622-9CAD-56BE857FB643}.Release|ARM64.ActiveCfg = Release|Any CPU
		{47B54F16-E33B-4622-9CAD-56BE857FB643}.Release|ARM64.Build.0 = Release|Any CPU
		{47B54F16-E33B-4622-9CAD-56BE857FB643}.Release|x64.ActiveCfg = Release|Any CPU
		{47B54F16-E33B-4622-9CAD-56BE857FB643}.Release|x64.Build.0 = Release|Any CPU
		{47B54F16-E33B-4622-9CAD-56BE857FB643}.Release|x86.ActiveCfg = Release|Any CPU
		{47B54F16-E33B-4622-9CAD-56BE857FB643}.Release|x86.Build.0 = Release|Any CPU
		{F26A10D1-41E1-49B8-83C7-06169538BBB3}.Debug|Any CPU.ActiveCfg = Debug|Any CPU
		{F26A10D1-41E1-49B8-83C7-06169538BBB3}.Debug|Any CPU.Build.0 = Debug|Any CPU
		{F26A10D1-41E1-49B8-83C7-06169538BBB3}.Debug|Any CPU.Deploy.0 = Debug|Any CPU
		{F26A10D1-41E1-49B8-83C7-06169538BBB3}.Debug|ARM.ActiveCfg = Debug|ARM
		{F26A10D1-41E1-49B8-83C7-06169538BBB3}.Debug|ARM.Build.0 = Debug|ARM
		{F26A10D1-41E1-49B8-83C7-06169538BBB3}.Debug|ARM.Deploy.0 = Debug|ARM
		{F26A10D1-41E1-49B8-83C7-06169538BBB3}.Debug|ARM64.ActiveCfg = Debug|ARM64
		{F26A10D1-41E1-49B8-83C7-06169538BBB3}.Debug|ARM64.Build.0 = Debug|ARM64
		{F26A10D1-41E1-49B8-83C7-06169538BBB3}.Debug|ARM64.Deploy.0 = Debug|ARM64
		{F26A10D1-41E1-49B8-83C7-06169538BBB3}.Debug|x64.ActiveCfg = Debug|x64
		{F26A10D1-41E1-49B8-83C7-06169538BBB3}.Debug|x64.Build.0 = Debug|x64
		{F26A10D1-41E1-49B8-83C7-06169538BBB3}.Debug|x64.Deploy.0 = Debug|x64
		{F26A10D1-41E1-49B8-83C7-06169538BBB3}.Debug|x86.ActiveCfg = Debug|x86
		{F26A10D1-41E1-49B8-83C7-06169538BBB3}.Debug|x86.Build.0 = Debug|x86
		{F26A10D1-41E1-49B8-83C7-06169538BBB3}.Debug|x86.Deploy.0 = Debug|x86
		{F26A10D1-41E1-49B8-83C7-06169538BBB3}.Release|Any CPU.ActiveCfg = Release|Any CPU
		{F26A10D1-41E1-49B8-83C7-06169538BBB3}.Release|Any CPU.Build.0 = Release|Any CPU
		{F26A10D1-41E1-49B8-83C7-06169538BBB3}.Release|Any CPU.Deploy.0 = Release|Any CPU
		{F26A10D1-41E1-49B8-83C7-06169538BBB3}.Release|ARM.ActiveCfg = Release|ARM
		{F26A10D1-41E1-49B8-83C7-06169538BBB3}.Release|ARM.Build.0 = Release|ARM
		{F26A10D1-41E1-49B8-83C7-06169538BBB3}.Release|ARM.Deploy.0 = Release|ARM
		{F26A10D1-41E1-49B8-83C7-06169538BBB3}.Release|ARM64.ActiveCfg = Release|ARM64
		{F26A10D1-41E1-49B8-83C7-06169538BBB3}.Release|ARM64.Build.0 = Release|ARM64
		{F26A10D1-41E1-49B8-83C7-06169538BBB3}.Release|ARM64.Deploy.0 = Release|ARM64
		{F26A10D1-41E1-49B8-83C7-06169538BBB3}.Release|x64.ActiveCfg = Release|x64
		{F26A10D1-41E1-49B8-83C7-06169538BBB3}.Release|x64.Build.0 = Release|x64
		{F26A10D1-41E1-49B8-83C7-06169538BBB3}.Release|x64.Deploy.0 = Release|x64
		{F26A10D1-41E1-49B8-83C7-06169538BBB3}.Release|x86.ActiveCfg = Release|x86
		{F26A10D1-41E1-49B8-83C7-06169538BBB3}.Release|x86.Build.0 = Release|x86
		{F26A10D1-41E1-49B8-83C7-06169538BBB3}.Release|x86.Deploy.0 = Release|x86
		{33D438EC-9275-472B-814C-B618207420BB}.Debug|Any CPU.ActiveCfg = Debug
		{33D438EC-9275-472B-814C-B618207420BB}.Debug|ARM.ActiveCfg = Debug
		{33D438EC-9275-472B-814C-B618207420BB}.Debug|ARM64.ActiveCfg = Debug
		{33D438EC-9275-472B-814C-B618207420BB}.Debug|x64.ActiveCfg = Debug
		{33D438EC-9275-472B-814C-B618207420BB}.Debug|x86.ActiveCfg = Debug
		{33D438EC-9275-472B-814C-B618207420BB}.Release|Any CPU.ActiveCfg = Release
		{33D438EC-9275-472B-814C-B618207420BB}.Release|ARM.ActiveCfg = Release
		{33D438EC-9275-472B-814C-B618207420BB}.Release|ARM64.ActiveCfg = Release
		{33D438EC-9275-472B-814C-B618207420BB}.Release|x64.ActiveCfg = Release
		{33D438EC-9275-472B-814C-B618207420BB}.Release|x86.ActiveCfg = Release
	EndGlobalSection
	GlobalSection(SolutionProperties) = preSolution
		HideSolutionNode = FALSE
	EndGlobalSection
	GlobalSection(ExtensibilityGlobals) = postSolution
		SolutionGuid = {FAB096FB-BE2C-4752-8194-EDF1259687CC}
	EndGlobalSection
EndGlobal
